<?xml version="1.0" encoding="utf-8"?>
<Project ToolsVersion="4.0" xmlns="http://schemas.microsoft.com/developer/msbuild/2003">
  <ItemGroup>
    <Filter Include="Resource Files">
      <UniqueIdentifier>{67DA6AB6-F800-4c08-8B7A-83BB121AAD01}</UniqueIdentifier>
      <Extensions>rc;ico;cur;bmp;dlg;rc2;rct;bin;rgs;gif;jpg;jpeg;jpe;resx;tiff;tif;png;wav;mfcribbon-ms</Extensions>
    </Filter>
    <Filter Include="app">
      <UniqueIdentifier>{1dfff0c5-e0ff-4639-9052-ed5505eb4811}</UniqueIdentifier>
    </Filter>
    <Filter Include="lib">
      <UniqueIdentifier>{ae11ffff-30ce-486e-94de-4fe38a7a2627}</UniqueIdentifier>
    </Filter>
    <Filter Include="lib\MultiLogger">
      <UniqueIdentifier>{823df977-e38f-41fc-b758-a0f7545b50fe}</UniqueIdentifier>
    </Filter>
  </ItemGroup>
  <ItemGroup>
    <ClCompile Include="app\logger.cpp">
      <Filter>app</Filter>
    </ClCompile>
    <ClCompile Include="lib\MultiLogger\Log.cpp">
      <Filter>lib\MultiLogger</Filter>
    </ClCompile>
    <ClCompile Include="app\Tester.cpp">
      <Filter>app</Filter>
    </ClCompile>
  </ItemGroup>
  <ItemGroup>
    <ClInclude Include="lib\MultiLogger\Log.h">
      <Filter>lib\MultiLogger</Filter>
    </ClInclude>
    <ClInclude Include="app\Tester.h">
      <Filter>app</Filter>
    </ClInclude>
  </ItemGroup>
</Project>